{
    "name": "react-portfolio",
    "version": "0.1.0",
    "lockfileVersion": 3,
    "requires": true,
    "packages": {
        "": {
            "name": "react-portfolio",
            "version": "0.1.0",
            "dependencies": {
                "bootstrap": "^5.2.3",
                "emailjs-com": "^3.2.0",
                "react": "^18.2.0",
                "react-bootstrap": "^2.7.0",
                "react-dom": "^18.2.0",
                "react-helmet-async": "^1.0.7",
                "react-icons": "^4.1.0",
                "react-router-dom": "^6.6.2",
                "react-scripts": "^0.0.0",
                "react-transition-group": "^4.4.2",
                "typewriter-effect": "^2.18.2",
                "web-vitals": "^3.1.1"
            }
        },
        "node_modules/@babel/runtime": {
            "version": "7.29.2",
            "resolved": "https://registry.npmjs.org/@babel/runtime/-/runtime-7.29.2.tgz",
            "integrity": "sha512-JiDShH45zKHWyGe4ZNVRrCjBz8Nh9TMmZG1kh4QTK8hCBTWBi8Da+i7s1fJw7/lYpM4ccepSNfqzZ/QvABBi5g==",
            "license": "MIT",
            "engines": {
                "node": ">=6.9.0"
            }
        },
        "node_modules/@popperjs/core": {
            "version": "2.11.8",
            "resolved": "https://registry.npmjs.org/@popperjs/core/-/core-2.11.8.tgz",
            "integrity": "sha512-P1st0aksCrn9sGZhp8GMYwBnQsbvAWsZAX44oXNNvLHGqAOcoVxmjZiohstwQ7SqKnbR47akdNi+uleWD8+g6A==",
            "license": "MIT",
            "funding": {
                "type": "opencollective",
                "url": "https://opencollective.com/popperjs"
            }
        },
        "node_modules/@react-aria/ssr": {
            "version": "3.4.1",
            "resolved": "https://registry.npmjs.org/@react-aria/ssr/-/ssr-3.4.1.tgz",
            "integrity": "sha512-NmhoilMDyIfQiOSdQgxpVH2tC2u85Y0mVijtBNbI9kcDYLEiW/r6vKYVKtkyU+C4qobXhGMPfZ70PTc0lysSVA==",
            "license": "Apache-2.0",
            "dependencies": {
                "@swc/helpers": "^0.4.14"
            },
            "peerDependencies": {
                "react": "^16.8.0 || ^17.0.0-rc.1 || ^18.0.0"
            }
        },
        "node_modules/@remix-run/router": {
            "version": "1.23.2",
            "resolved": "https://registry.npmjs.org/@remix-run/router/-/router-1.23.2.tgz",
            "integrity": "sha512-Ic6m2U/rMjTkhERIa/0ZtXJP17QUi2CbWE7cqx4J58M8aA3QTfW+2UlQ4psvTX9IO1RfNVhK3pcpdjej7L+t2w==",
            "license": "MIT",
            "engines": {
                "node": ">=14.0.0"
            }
        },
        "node_modules/@restart/hooks": {
            "version": "0.4.7",
            "resolved": "https://registry.npmjs.org/@restart/hooks/-/hooks-0.4.7.tgz",
            "integrity": "sha512-ZbjlEHcG+FQtpDPHd7i4FzNNvJf2enAwZfJbpM8CW7BhmOAbsHpZe3tsHwfQUrBuyrxWqPYp2x5UMnilWcY22A==",
            "license": "MIT",
            "dependencies": {
                "dequal": "^2.0.2"
            },
            "peerDependencies": {
                "react": ">=16.8.0"
            }
        },
        "node_modules/@restart/ui": {
            "version": "1.4.1",
            "resolved": "https://registry.npmjs.org/@restart/ui/-/ui-1.4.1.tgz",
            "integrity": "sha512-J7wFOx2DcmkBqCqiZgDsggLO7faiNh4Nv1/v80FmbRgP+MYpwaVDKKXLC69DA4+ejgNIsBP5ORtC74EZqO1j8A==",
            "license": "MIT",
            "dependencies": {
                "@babel/runtime": "^7.18.3",
                "@popperjs/core": "^2.11.5",
                "@react-aria/ssr": "^3.2.0",
                "@restart/hooks": "^0.4.7",
                "@types/warning": "^3.0.0",
                "dequal": "^2.0.2",
                "dom-helpers": "^5.2.0",
                "uncontrollable": "^7.2.1",
                "warning": "^4.0.3"
            },
            "peerDependencies": {
                "react": ">=16.14.0",
                "react-dom": ">=16.14.0"
            }
        },
        "node_modules/@swc/helpers": {
            "version": "0.4.14",
            "resolved": "https://registry.npmjs.org/@swc/helpers/-/helpers-0.4.14.tgz",
            "integrity": "sha512-4C7nX/dvpzB7za4Ql9K81xK3HPxCpHMgwTZVyf+9JQ6VUbn9jjZVN7/Nkdz/Ugzs2CSjqnL/UPXroiVBVHUWUw==",
            "license": "MIT",
            "dependencies": {
                "tslib": "^2.4.0"
            }
        },
        "node_modules/@types/prop-types": {
            "version": "15.7.5",
            "resolved": "https://registry.npmjs.org/@types/prop-types/-/prop-types-15.7.5.tgz",
            "integrity": "sha512-JCB8C6SnDoQf0cNycqd/35A7MjcnK+ZTqE7judS6o7utxUCg6imJg3QK2qzHKszlTjcj2cn+NwMB2i96ubpj7w==",
            "license": "MIT"
        },
        "node_modules/@types/react": {
            "version": "18.0.26",
            "resolved": "https://registry.npmjs.org/@types/react/-/react-18.0.26.tgz",
            "integrity": "sha512-hCR3PJQsAIXyxhTNSiDFY//LhnMZWpNNr5etoCqx/iUfGc5gXWtQR2Phl908jVR6uPXacojQWTg4qRpkxTuGug==",
            "license": "MIT",
            "dependencies": {
                "@types/prop-types": "*",
                "@types/scheduler": "*",
                "csstype": "^3.0.2"
            }
        },
        "node_modules/@types/react-transition-group": {
            "version": "4.4.5",
            "resolved": "https://registry.npmjs.org/@types/react-transition-group/-/react-transition-group-4.4.5.tgz",
            "integrity": "sha512-juKD/eiSM3/xZYzjuzH6ZwpP+/lejltmiS3QEzV/vmb/Q8+HfDmxu+Baga8UEMGBqV88Nbg4l2hY/K2DkyaLLA==",
            "license": "MIT",
            "dependencies": {
                "@types/react": "*"
            }
        },
        "node_modules/@types/scheduler": {
            "version": "0.16.2",
            "resolved": "https://registry.npmjs.org/@types/scheduler/-/scheduler-0.16.2.tgz",
            "integrity": "sha512-hppQEBDmlwhFAXKJX2KnWLYu5yMfi91yazPb2l+lbJiwW+wdo1gNeRA+3RgNSO39WYX2euey41KEwnqesU2Jew==",
            "license": "MIT"
        },
        "node_modules/@types/warning": {
            "version": "3.0.0",
            "resolved": "https://registry.npmjs.org/@types/warning/-/warning-3.0.0.tgz",
            "integrity": "sha512-t/Tvs5qR47OLOr+4E9ckN8AmP2Tf16gWq+/qA4iUGS/OOyHVO8wv2vjJuX8SNOUTJyWb+2t7wJm6cXILFnOROA==",
            "license": "MIT"
        },
        "node_modules/bootstrap": {
            "version": "5.2.3",
            "resolved": "https://registry.npmjs.org/bootstrap/-/bootstrap-5.2.3.tgz",
            "integrity": "sha512-cEKPM+fwb3cT8NzQZYEu4HilJ3anCrWqh3CHAok1p9jXqMPsPTBhU25fBckEJHJ/p+tTxTFTsFQGM+gaHpi3QQ==",
            "funding": [
                {
                    "type": "github",
                    "url": "https://github.com/sponsors/twbs"
                },
                {
                    "type": "opencollective",
                    "url": "https://opencollective.com/bootstrap"
                }
            ],
            "license": "MIT",
            "peerDependencies": {
                "@popperjs/core": "^2.11.6"
            }
        },
        "node_modules/classnames": {
            "version": "2.3.2",
            "resolved": "https://registry.npmjs.org/classnames/-/classnames-2.3.2.tgz",
            "integrity": "sha512-CSbhY4cFEJRe6/GQzIk5qXZ4Jeg5pcsP7b5peFSDpffpe1cqjASH/n9UTjBwOp6XpMSTwQ8Za2K5V02ueA7Tmw==",
            "license": "MIT"
        },
        "node_modules/csstype": {
            "version": "3.1.1",
            "resolved": "https://registry.npmjs.org/csstype/-/csstype-3.1.1.tgz",
            "integrity": "sha512-DJR/VvkAvSZW9bTouZue2sSxDwdTN92uHjqeKVm+0dAqdfNykRzQ95tay8aXMBAAPpUiq4Qcug2L7neoRh2Egw==",
            "license": "MIT"
        },
        "node_modules/dequal": {
            "version": "2.0.3",
            "resolved": "https://registry.npmjs.org/dequal/-/dequal-2.0.3.tgz",
            "integrity": "sha512-0je+qPKHEMohvfRTCEo3CrPG6cAzAYgmzKyxRiYSSDkS6eGJdyVJm7WaYA5ECaAD9wLB2T4EEeymA5aFVcYXCA==",
            "license": "MIT",
            "engines": {
                "node": ">=6"
            }
        },
        "node_modules/dom-helpers": {
            "version": "5.2.1",
            "resolved": "https://registry.npmjs.org/dom-helpers/-/dom-helpers-5.2.1.tgz",
            "integrity": "sha512-nRCa7CK3VTrM2NmGkIy4cbK7IZlgBE/PYMn55rrXefr5xXDP0LdtfPnblFDoVdcAfslJ7or6iqAUnx0CCGIWQA==",
            "license": "MIT",
            "dependencies": {
                "@babel/runtime": "^7.8.7",
                "csstype": "^3.0.2"
            }
        },
        "node_modules/emailjs-com": {
            "version": "3.2.0",
            "resolved": "https://registry.npmjs.org/emailjs-com/-/emailjs-com-3.2.0.tgz",
            "integrity": "sha512-Prbz3E1usiAwGjMNYRv6EsJ5c373cX7/AGnZQwOfrpNJrygQJ15+E9OOq4pU8yC977Z5xMetRfc3WmDX6RcjAA==",
            "deprecated": "The SDK name changed to @emailjs/browser",
            "license": "MIT",
            "engines": {
                "node": ">=12.0.0"
            }
        },
        "node_modules/invariant": {
            "version": "2.2.4",
            "resolved": "https://registry.npmjs.org/invariant/-/invariant-2.2.4.tgz",
            "integrity": "sha512-phJfQVBuaJM5raOpJjSfkiD6BpbCE4Ns//LaXl6wGYtUBY83nWS6Rf9tXm2e8VaK60JEjYldbPif/A2B1C2gNA==",
            "license": "MIT",
            "dependencies": {
                "loose-envify": "^1.0.0"
            }
        },
        "node_modules/js-tokens": {
            "version": "4.0.0",
            "resolved": "https://registry.npmjs.org/js-tokens/-/js-tokens-4.0.0.tgz",
            "integrity": "sha512-RdJUflcE3cUzKiMqQgsCu06FPu9UdIJO0beYbPhHN4k6apgJtifcoCtT9bcxOpYBtpD2kCM6Sbzg4CausW/PKQ==",
            "license": "MIT"
        },
        "node_modules/loose-envify": {
            "version": "1.4.0",
            "resolved": "https://registry.npmjs.org/loose-envify/-/loose-envify-1.4.0.tgz",
            "integrity": "sha512-lyuxPGr/Wfhrlem2CL/UcnUc1zcqKAImBDzukY7Y5F/yQiNdko6+fRLevlw1HgMySw7f611UIY408EtxRSoK3Q==",
            "license": "MIT",
            "dependencies": {
                "js-tokens": "^3.0.0 || ^4.0.0"
            },
            "bin": {
                "loose-envify": "cli.js"
            }
        },
        "node_modules/object-assign": {
            "version": "4.1.1",
            "resolved": "https://registry.npmjs.org/object-assign/-/object-assign-4.1.1.tgz",
            "integrity": "sha512-rJgTQnkUnH1sFw8yT6VSU3zD3sWmu6sZhIseY8VX+GRu3P6F7Fu+JNDoXfklElbLJSnc3FUQHVe4cU5hj+BcUg==",
            "license": "MIT",
            "engines": {
                "node": ">=0.10.0"
            }
        },
        "node_modules/performance-now": {
            "version": "2.1.0",
            "resolved": "https://registry.npmjs.org/performance-now/-/performance-now-2.1.0.tgz",
            "integrity": "sha512-7EAHlyLHI56VEIdK57uwHdHKIaAGbnXPiw0yWbarQZOKaKpvUIgW0jWRVLiatnM+XXlSwsanIBH/hzGMJulMow==",
            "license": "MIT"
        },
        "node_modules/prop-types": {
            "version": "15.8.1",
            "resolved": "https://registry.npmjs.org/prop-types/-/prop-types-15.8.1.tgz",
            "integrity": "sha512-oj87CgZICdulUohogVAR7AjlC0327U4el4L6eAvOqCeudMDVU0NThNaV+b9Df4dXgSP1gXMTnPdhfe/2qDH5cg==",
            "license": "MIT",
            "dependencies": {
                "loose-envify": "^1.4.0",
                "object-assign": "^4.1.1",
                "react-is": "^16.13.1"
            }
        },
        "node_modules/prop-types-extra": {
            "version": "1.1.1",
            "resolved": "https://registry.npmjs.org/prop-types-extra/-/prop-types-extra-1.1.1.tgz",
            "integrity": "sha512-59+AHNnHYCdiC+vMwY52WmvP5dM3QLeoumYuEyceQDi9aEhtwN9zIQ2ZNo25sMyXnbh32h+P1ezDsUpUH3JAew==",
            "license": "MIT",
            "dependencies": {
                "react-is": "^16.3.2",
                "warning": "^4.0.0"
            },
            "peerDependencies": {
                "react": ">=0.14.0"
            }
        },
        "node_modules/raf": {
            "version": "3.4.1",
            "resolved": "https://registry.npmjs.org/raf/-/raf-3.4.1.tgz",
            "integrity": "sha512-Sq4CW4QhwOHE8ucn6J34MqtZCeWFP2aQSmrlroYgqAV1PjStIhJXxYuTgUIfkEk7zTLjmIjLmU5q+fbD1NnOJA==",
            "license": "MIT",
            "dependencies": {
                "performance-now": "^2.1.0"
            }
        },
        "node_modules/react": {
            "version": "18.2.0",
            "resolved": "https://registry.npmjs.org/react/-/react-18.2.0.tgz",
            "integrity": "sha512-/3IjMdb2L9QbBdWiW5e3P2/npwMBaU9mHCSCUzNln0ZCYbcfTsGbTJrU/kGemdH2IWmB2ioZ+zkxtmq6g09fGQ==",
            "license": "MIT",
            "dependencies": {
                "loose-envify": "^1.1.0"
            },
            "engines": {
                "node": ">=0.10.0"
            }
        },
        "node_modules/react-bootstrap": {
            "version": "2.7.0",
            "resolved": "https://registry.npmjs.org/react-bootstrap/-/react-bootstrap-2.7.0.tgz",
            "integrity": "sha512-Jcrn6aUuRVBeSB6dzKODKZU1TONOdhAxu0IDm4Sv74SJUm98dMdhSotF2SNvFEADANoR+stV+7TK6SNX1wWu5w==",
            "license": "MIT",
            "dependencies": {
                "@babel/runtime": "^7.17.2",
                "@restart/hooks": "^0.4.6",
                "@restart/ui": "^1.4.1",
                "@types/react-transition-group": "^4.4.4",
                "classnames": "^2.3.1",
                "dom-helpers": "^5.2.1",
                "invariant": "^2.2.4",
                "prop-types": "^15.8.1",
                "prop-types-extra": "^1.1.0",
                "react-transition-group": "^4.4.2",
                "uncontrollable": "^7.2.1",
                "warning": "^4.0.3"
            },
            "peerDependencies": {
                "@types/react": ">=16.14.8",
                "react": ">=16.14.0",
                "react-dom": ">=16.14.0"
            },
            "peerDependenciesMeta": {
                "@types/react": {
                    "optional": true
                }
            }
        },
        "node_modules/react-dom": {
            "version": "18.2.0",
            "resolved": "https://registry.npmjs.org/react-dom/-/react-dom-18.2.0.tgz",
            "integrity": "sha512-6IMTriUmvsjHUjNtEDudZfuDQUoWXVxKHhlEGSk81n4YFS+r/Kl99wXiwlVXtPBtJenozv2P+hxDsw9eA7Xo6g==",
            "license": "MIT",
            "dependencies": {
                "loose-envify": "^1.1.0",
                "scheduler": "^0.23.0"
            },
            "peerDependencies": {
                "react": "^18.2.0"
            }
        },
        "node_modules/react-fast-compare": {
            "version": "3.2.0",
            "resolved": "https://registry.npmjs.org/react-fast-compare/-/react-fast-compare-3.2.0.tgz",
            "integrity": "sha512-rtGImPZ0YyLrscKI9xTpV8psd6I8VAtjKCzQDlzyDvqJA8XOW78TXYQwNRNd8g8JZnDu8q9Fu/1v4HPAVwVdHA==",
            "license": "MIT"
        },
        "node_modules/react-helmet-async": {
            "version": "1.3.0",
            "resolved": "https://registry.npmjs.org/react-helmet-async/-/react-helmet-async-1.3.0.tgz",
            "integrity": "sha512-9jZ57/dAn9t3q6hneQS0wukqC2ENOBgMNVEhb/ZG9ZSxUetzVIw4iAmEU38IaVg3QGYauQPhSeUTuIUtFglWpg==",
            "license": "Apache-2.0",
            "dependencies": {
                "@babel/runtime": "^7.12.5",
                "invariant": "^2.2.4",
                "prop-types": "^15.7.2",
                "react-fast-compare": "^3.2.0",
                "shallowequal": "^1.1.0"
            },
            "peerDependencies": {
                "react": "^16.6.0 || ^17.0.0 || ^18.0.0",
                "react-dom": "^16.6.0 || ^17.0.0 || ^18.0.0"
            }
        },
        "node_modules/react-icons": {
            "version": "4.7.1",
            "resolved": "https://registry.npmjs.org/react-icons/-/react-icons-4.7.1.tgz",
            "integrity": "sha512-yHd3oKGMgm7zxo3EA7H2n7vxSoiGmHk5t6Ou4bXsfcgWyhfDKMpyKfhHR6Bjnn63c+YXBLBPUql9H4wPJM6sXw==",
            "license": "MIT",
            "peerDependencies": {
                "react": "*"
            }
        },
        "node_modules/react-is": {
            "version": "16.13.1",
            "resolved": "https://registry.npmjs.org/react-is/-/react-is-16.13.1.tgz",
            "integrity": "sha512-24e6ynE2H+OKt4kqsOvNd8kBpV65zoxbA4BVsEOB3ARVWQki/DHzaUoC5KuON/BiccDaCCTZBuOcfZs70kR8bQ==",
            "license": "MIT"
        },
        "node_modules/react-lifecycles-compat": {
            "version": "3.0.4",
            "resolved": "https://registry.npmjs.org/react-lifecycles-compat/-/react-lifecycles-compat-3.0.4.tgz",
            "integrity": "sha512-fBASbA6LnOU9dOU2eW7aQ8xmYBSXUIWr+UmF9b1efZBazGNO+rcXT/icdKnYm2pTwcRylVUYwW7H1PHfLekVzA==",
            "license": "MIT"
        },
        "node_modules/react-router": {
            "version": "6.30.3",
            "resolved": "https://registry.npmjs.org/react-router/-/react-router-6.30.3.tgz",
            "integrity": "sha512-XRnlbKMTmktBkjCLE8/XcZFlnHvr2Ltdr1eJX4idL55/9BbORzyZEaIkBFDhFGCEWBBItsVrDxwx3gnisMitdw==",
            "license": "MIT",
            "dependencies": {
                "@remix-run/router": "1.23.2"
            },
            "engines": {
                "node": ">=14.0.0"
            },
            "peerDependencies": {
                "react": ">=16.8"
            }
        },
        "node_modules/react-router-dom": {
            "version": "6.30.3",
            "resolved": "https://registry.npmjs.org/react-router-dom/-/react-router-dom-6.30.3.tgz",
            "integrity": "sha512-pxPcv1AczD4vso7G4Z3TKcvlxK7g7TNt3/FNGMhfqyntocvYKj+GCatfigGDjbLozC4baguJ0ReCigoDJXb0ag==",
            "license": "MIT",
            "dependencies": {
                "@remix-run/router": "1.23.2",
                "react-router": "6.30.3"
            },
            "engines": {
                "node": ">=14.0.0"
            },
            "peerDependencies": {
                "react": ">=16.8",
                "react-dom": ">=16.8"
            }
        },
        "node_modules/react-scripts": {
            "version": "0.0.0",
            "resolved": "https://registry.npmjs.org/react-scripts/-/react-scripts-0.0.0.tgz",
            "integrity": "sha512-W7cVfdhbIvYrTjVaryO7WCpvzODu8V7JH/1O36RcfuzP3Cxjp5WpX5ycaoGt0LSQpntrem5jFSUoJrtvru1reA=="
        },
        "node_modules/react-transition-group": {
            "version": "4.4.5",
            "resolved": "https://registry.npmjs.org/react-transition-group/-/react-transition-group-4.4.5.tgz",
            "integrity": "sha512-pZcd1MCJoiKiBR2NRxeCRg13uCXbydPnmB4EOeRrY7480qNWO8IIgQG6zlDkm6uRMsURXPuKq0GWtiM59a5Q6g==",
            "license": "BSD-3-Clause",
            "dependencies": {
                "@babel/runtime": "^7.5.5",
                "dom-helpers": "^5.0.1",
                "loose-envify": "^1.4.0",
                "prop-types": "^15.6.2"
            },
            "peerDependencies": {
                "react": ">=16.6.0",
                "react-dom": ">=16.6.0"
            }
        },
        "node_modules/scheduler": {
            "version": "0.23.0",
            "resolved": "https://registry.npmjs.org/scheduler/-/scheduler-0.23.0.tgz",
            "integrity": "sha512-CtuThmgHNg7zIZWAXi3AsyIzA3n4xx7aNyjwC2VJldO2LMVDhFK+63xGqq6CsJH4rTAt6/M+N4GhZiDYPx9eUw==",
            "license": "MIT",
            "dependencies": {
                "loose-envify": "^1.1.0"
            }
        },
        "node_modules/shallowequal": {
            "version": "1.1.0",
            "resolved": "https://registry.npmjs.org/shallowequal/-/shallowequal-1.1.0.tgz",
            "integrity": "sha512-y0m1JoUZSlPAjXVtPPW70aZWfIL/dSP7AFkRnniLCrK/8MDKog3TySTBmckD+RObVxH0v4Tox67+F14PdED2oQ==",
            "license": "MIT"
        },
        "node_modules/tslib": {
            "version": "2.4.1",
            "resolved": "https://registry.npmjs.org/tslib/-/tslib-2.4.1.tgz",
            "integrity": "sha512-tGyy4dAjRIEwI7BzsB0lynWgOpfqjUdq91XXAlIWD2OwKBH7oCl/GZG/HT4BOHrTlPMOASlMQ7veyTqpmRcrNA==",
            "license": "0BSD"
        },
        "node_modules/typewriter-effect": {
            "version": "2.19.0",
            "resolved": "https://registry.npmjs.org/typewriter-effect/-/typewriter-effect-2.19.0.tgz",
            "integrity": "sha512-rhUX1ukmAXNFWUnMFx8CDU1uLWJQ7pRYzDU7WfHJRq43i6SmWSP9vFiUsOGfXINodUAgZiJ5xnzwLciHxZDGDg==",
            "license": "MIT",
            "dependencies": {
                "prop-types": "^15.6.2",
                "raf": "^3.4.0"
            },
            "peerDependencies": {
                "react": "^17.x || ^18.x",
                "react-dom": "^17.x || ^18.x"
            }
        },
        "node_modules/uncontrollable": {
            "version": "7.2.1",
            "resolved": "https://registry.npmjs.org/uncontrollable/-/uncontrollable-7.2.1.tgz",
            "integrity": "sha512-svtcfoTADIB0nT9nltgjujTi7BzVmwjZClOmskKu/E8FW9BXzg9os8OLr4f8Dlnk0rYWJIWr4wv9eKUXiQvQwQ==",
            "license": "MIT",
            "dependencies": {
                "@babel/runtime": "^7.6.3",
                "@types/react": ">=16.9.11",
                "invariant": "^2.2.4",
                "react-lifecycles-compat": "^3.0.4"
            },
            "peerDependencies": {
                "react": ">=15.0.0"
            }
        },
        "node_modules/warning": {
            "version": "4.0.3",
            "resolved": "https://registry.npmjs.org/warning/-/warning-4.0.3.tgz",
            "integrity": "sha512-rpJyN222KWIvHJ/F53XSZv0Zl/accqHR8et1kpaMTD/fLCRxtV8iX8czMzY7sVZupTI3zcUTg8eycS2kNF9l6w==",
            "license": "MIT",
            "dependencies": {
                "loose-envify": "^1.0.0"
            }
        },
        "node_modules/web-vitals": {
            "version": "3.1.1",
            "resolved": "https://registry.npmjs.org/web-vitals/-/web-vitals-3.1.1.tgz",
            "integrity": "sha512-qvllU+ZeQChqzBhZ1oyXmWsjJ8a2jHYpH8AMaVuf29yscOPZfTQTjQFRX6+eADTdsDE8IanOZ0cetweHMs8/2A==",
            "license": "Apache-2.0"
        }
    }
}
